
Microsoft Visual Studio Solution File, Format Version 12.00
# Visual Studio Version 17
VisualStudioVersion = 17.11.35327.3
MinimumVisualStudioVersion = 10.0.40219.1
Project("{FAE04EC0-301F-11D3-BF4B-00C04F79EFBC}") = "Lab14", "Lab14\Lab14.csproj", "{9F412A02-96C3-4C80-9660-3143416BECE2}"
EndProject
Global
	GlobalSection(SolutionConfigurationPlatforms) = preSolution
		Debug|Any CPU = Debug|Any CPU
		Release|Any CPU = Release|Any CPU
	EndGlobalSection
	GlobalSection(ProjectConfigurationPlatforms) = postSolution
		{9F412A02-96C3-4C80-9660-3143416BECE2}.Debug|Any CPU.ActiveCfg = Debug|Any CPU
		{9F412A02-96C3-4C80-9660-3143416BECE2}.Debug|Any CPU.Build.0 = Debug|Any CPU
		{9F412A02-96C3-4C80-9660-3143416BECE2}.Release|Any CPU.ActiveCfg = Release|Any CPU
		{9F412A02-96C3-4C80-9660-3143416BECE2}.Release|Any CPU.Build.0 = Release|Any CPU
	EndGlobalSection
	GlobalSection(SolutionProperties) = preSolution
		HideSolutionNode = FALSE
	EndGlobalSection
	GlobalSection(ExtensibilityGlobals) = postSolution
		SolutionGuid = {ECA85E61-C5EB-4192-84B0-350BDD9E0C63}
	EndGlobalSection
EndGlobal
