
Microsoft Visual Studio Solution File, Format Version 12.00
# Visual Studio Version 17
VisualStudioVersion = 17.11.35222.181
MinimumVisualStudioVersion = 10.0.40219.1
Project("{FAE04EC0-301F-11D3-BF4B-00C04F79EFBC}") = "Lab6", "Lab6\Lab6.csproj", "{568FE35F-2863-4FA0-A747-9E61C3BDBCFA}"
EndProject
Global
	GlobalSection(SolutionConfigurationPlatforms) = preSolution
		Debug|Any CPU = Debug|Any CPU
		Release|Any CPU = Release|Any CPU
	EndGlobalSection
	GlobalSection(ProjectConfigurationPlatforms) = postSolution
		{568FE35F-2863-4FA0-A747-9E61C3BDBCFA}.Debug|Any CPU.ActiveCfg = Debug|Any CPU
		{568FE35F-2863-4FA0-A747-9E61C3BDBCFA}.Debug|Any CPU.Build.0 = Debug|Any CPU
		{568FE35F-2863-4FA0-A747-9E61C3BDBCFA}.Release|Any CPU.ActiveCfg = Release|Any CPU
		{568FE35F-2863-4FA0-A747-9E61C3BDBCFA}.Release|Any CPU.Build.0 = Release|Any CPU
	EndGlobalSection
	GlobalSection(SolutionProperties) = preSolution
		HideSolutionNode = FALSE
	EndGlobalSection
	GlobalSection(ExtensibilityGlobals) = postSolution
		SolutionGuid = {9F92780C-B550-401A-80B5-996FFCD66B10}
	EndGlobalSection
EndGlobal
